
Microsoft Visual Studio Solution File, Format Version 12.00
# Visual Studio Version 16
VisualStudioVersion = 16.0.29009.5
MinimumVisualStudioVersion = 10.0.40219.1
Project("{FAE04EC0-301F-11D3-BF4B-00C04F79EFBC}") = "Equazione", "Equazione\Equazione.csproj", "{8C1CEFBF-A4C0-4CF7-A1E6-CE608EE23483}"
EndProject
Project("{FAE04EC0-301F-11D3-BF4B-00C04F79EFBC}") = "Maggiore", "Maggiore\Maggiore.csproj", "{62D8E1FF-E910-4866-BC26-9CBDCF5B1881}"
EndProject
Global
	GlobalSection(SolutionConfigurationPlatforms) = preSolution
		Debug|Any CPU = Debug|Any CPU
		Release|Any CPU = Release|Any CPU
	EndGlobalSection
	GlobalSection(ProjectConfigurationPlatforms) = postSolution
		{8C1CEFBF-A4C0-4CF7-A1E6-CE608EE23483}.Debug|Any CPU.ActiveCfg = Debug|Any CPU
		{8C1CEFBF-A4C0-4CF7-A1E6-CE608EE23483}.Debug|Any CPU.Build.0 = Debug|Any CPU
		{8C1CEFBF-A4C0-4CF7-A1E6-CE608EE23483}.Release|Any CPU.ActiveCfg = Release|Any CPU
		{8C1CEFBF-A4C0-4CF7-A1E6-CE608EE23483}.Release|Any CPU.Build.0 = Release|Any CPU
		{62D8E1FF-E910-4866-BC26-9CBDCF5B1881}.Debug|Any CPU.ActiveCfg = Debug|Any CPU
		{62D8E1FF-E910-4866-BC26-9CBDCF5B1881}.Debug|Any CPU.Build.0 = Debug|Any CPU
		{62D8E1FF-E910-4866-BC26-9CBDCF5B1881}.Release|Any CPU.ActiveCfg = Release|Any CPU
		{62D8E1FF-E910-4866-BC26-9CBDCF5B1881}.Release|Any CPU.Build.0 = Release|Any CPU
	EndGlobalSection
	GlobalSection(SolutionProperties) = preSolution
		HideSolutionNode = FALSE
	EndGlobalSection
	GlobalSection(ExtensibilityGlobals) = postSolution
		SolutionGuid = {C8250E1B-476E-4BE8-B57A-3223EE0236C0}
	EndGlobalSection
EndGlobal
